// !$*UTF8*$!
{
	archiveVersion = 1;
	classes = {
	};
	objectVersion = 55;
	objects = {

/* Begin PBXBuildFile section */
		A31D3F68284468C900FCFEC6 /* CalculatorData.swift in Sources */ = {isa = PBXBuildFile; fileRef = A31D3F67284468C900FCFEC6 /* CalculatorData.swift */; };
		A391B8A92840B18F004A27E4 /* Calculator_CloneApp.swift in Sources */ = {isa = PBXBuildFile; fileRef = A391B8A82840B18F004A27E4 /* Calculator_CloneApp.swift */; };
		A391B8AB2840B18F004A27E4 /* MainView.swift in Sources */ = {isa = PBXBuildFile; fileRef = A391B8AA2840B18F004A27E4 /* MainView.swift */; };
		A391B8AD2840B18F004A27E4 /* Assets.xcassets in Resources */ = {isa = PBXBuildFile; fileRef = A391B8AC2840B18F004A27E4 /* Assets.xcassets */; };
		A391B8B02840B18F004A27E4 /* Preview Assets.xcassets in Resources */ = {isa = PBXBuildFile; fileRef = A391B8AF2840B18F004A27E4 /* Preview Assets.xcassets */; };
		A39BF2FA284242180025D469 /* CalculatorButton.swift in Sources */ = {isa = PBXBuildFile; fileRef = A39BF2F9284242180025D469 /* CalculatorButton.swift */; };
		A3EFA2AE28435BFE004E8830 /* CalculatorView.swift in Sources */ = {isa = PBXBuildFile; fileRef = A3EFA2AD28435BFE004E8830 /* CalculatorView.swift */; };
		A3EFA2B028435CA4004E8830 /* CustomButton.swift in Sources */ = {isa = PBXBuildFile; fileRef = A3EFA2AF28435CA4004E8830 /* CustomButton.swift */; };
/* End PBXBuildFile section */

/* Begin PBXFileReference section */
		A31D3F67284468C900FCFEC6 /* CalculatorData.swift */ = {isa = PBXFileReference; lastKnownFileType = sourcecode.swift; path = CalculatorData.swift; sourceTree = "<group>"; };
		A391B8A52840B18F004A27E4 /* Calculator_Clone.app */ = {isa = PBXFileReference; explicitFileType = wrapper.application; includeInIndex = 0; path = Calculator_Clone.app; sourceTree = BUILT_PRODUCTS_DIR; };
		A391B8A82840B18F004A27E4 /* Calculator_CloneApp.swift */ = {isa = PBXFileReference; lastKnownFileType = sourcecode.swift; path = Calculator_CloneApp.swift; sourceTree = "<group>"; };
		A391B8AA2840B18F004A27E4 /* MainView.swift */ = {isa = PBXFileReference; lastKnownFileType = sourcecode.swift; path = MainView.swift; sourceTree = "<group>"; };
		A391B8AC2840B18F004A27E4 /* Assets.xcassets */ = {isa = PBXFileReference; lastKnownFileType = folder.assetcatalog; path = Assets.xcassets; sourceTree = "<group>"; };
		A391B8AF2840B18F004A27E4 /* Preview Assets.xcassets */ = {isa = PBXFileReference; lastKnownFileType = folder.assetcatalog; path = "Preview Assets.xcassets"; sourceTree = "<group>"; };
		A39BF2F9284242180025D469 /* CalculatorButton.swift */ = {isa = PBXFileReference; lastKnownFileType = sourcecode.swift; path = CalculatorButton.swift; sourceTree = "<group>"; };
		A3EFA2AD28435BFE004E8830 /* CalculatorView.swift */ = {isa = PBXFileReference; lastKnownFileType = sourcecode.swift; path = CalculatorView.swift; sourceTree = "<group>"; };
		A3EFA2AF28435CA4004E8830 /* CustomButton.swift */ = {isa = PBXFileReference; lastKnownFileType = sourcecode.swift; path = CustomButton.swift; sourceTree = "<group>"; };
/* End PBXFileReference section */

/* Begin PBXFrameworksBuildPhase section */
		A391B8A22840B18F004A27E4 /* Frameworks */ = {
			isa = PBXFrameworksBuildPhase;
			buildActionMask = 2147483647;
			files = (
			);
			runOnlyForDeploymentPostprocessing = 0;
		};
/* End PBXFrameworksBuildPhase section */

/* Begin PBXGroup section */
		A391B89C2840B18F004A27E4 = {
			isa = PBXGroup;
			children = (
				A391B8A72840B18F004A27E4 /* Calculator_Clone */,
				A391B8A62840B18F004A27E4 /* Products */,
			);
			sourceTree = "<group>";
		};
		A391B8A62840B18F004A27E4 /* Products */ = {
			isa = PBXGroup;
			children = (
				A391B8A52840B18F004A27E4 /* Calculator_Clone.app */,
			);
			name = Products;
			sourceTree = "<group>";
		};
		A391B8A72840B18F004A27E4 /* Calculator_Clone */ = {
			isa = PBXGroup;
			children = (
				A391B8A82840B18F004A27E4 /* Calculator_CloneApp.swift */,
				A39BF2FB284243200025D469 /* Model */,
				A3EFA2AC28435BAB004E8830 /* View */,
				A391B8AC2840B18F004A27E4 /* Assets.xcassets */,
				A391B8AE2840B18F004A27E4 /* Preview Content */,
			);
			path = Calculator_Clone;
			sourceTree = "<group>";
		};
		A391B8AE2840B18F004A27E4 /* Preview Content */ = {
			isa = PBXGroup;
			children = (
				A391B8AF2840B18F004A27E4 /* Preview Assets.xcassets */,
			);
			path = "Preview Content";
			sourceTree = "<group>";
		};
		A39BF2FB284243200025D469 /* Model */ = {
			isa = PBXGroup;
			children = (
				A39BF2F9284242180025D469 /* CalculatorButton.swift */,
				A31D3F67284468C900FCFEC6 /* CalculatorData.swift */,
			);
			path = Model;
			sourceTree = "<group>";
		};
		A3EFA2AC28435BAB004E8830 /* View */ = {
			isa = PBXGroup;
			children = (
				A391B8AA2840B18F004A27E4 /* MainView.swift */,
				A3EFA2AD28435BFE004E8830 /* CalculatorView.swift */,
				A3EFA2AF28435CA4004E8830 /* CustomButton.swift */,
			);
			path = View;
			sourceTree = "<group>";
		};
/* End PBXGroup section */

/* Begin PBXNativeTarget section */
		A391B8A42840B18F004A27E4 /* Calculator_Clone */ = {
			isa = PBXNativeTarget;
			buildConfigurationList = A391B8B32840B18F004A27E4 /* Build configuration list for PBXNativeTarget "Calculator_Clone" */;
			buildPhases = (
				A391B8A12840B18F004A27E4 /* Sources */,
				A391B8A22840B18F004A27E4 /* Frameworks */,
				A391B8A32840B18F004A27E4 /* Resources */,
			);
			buildRules = (
			);
			dependencies = (
			);
			name = Calculator_Clone;
			productName = Calculator_Clone;
			productReference = A391B8A52840B18F004A27E4 /* Calculator_Clone.app */;
			productType = "com.apple.product-type.application";
		};
/* End PBXNativeTarget section */

/* Begin PBXProject section */
		A391B89D2840B18F004A27E4 /* Project object */ = {
			isa = PBXProject;
			attributes = {
				BuildIndependentTargetsInParallel = 1;
				LastSwiftUpdateCheck = 1340;
				LastUpgradeCheck = 1340;
				TargetAttributes = {
					A391B8A42840B18F004A27E4 = {
						CreatedOnToolsVersion = 13.4;
					};
				};
			};
			buildConfigurationList = A391B8A02840B18F004A27E4 /* Build configuration list for PBXProject "Calculator_Clone" */;
			compatibilityVersion = "Xcode 13.0";
			developmentRegion = en;
			hasScannedForEncodings = 0;
			knownRegions = (
				en,
				Base,
			);
			mainGroup = A391B89C2840B18F004A27E4;
			productRefGroup = A391B8A62840B18F004A27E4 /* Products */;
			projectDirPath = "";
			projectRoot = "";
			targets = (
				A391B8A42840B18F004A27E4 /* Calculator_Clone */,
			);
		};
/* End PBXProject section */

/* Begin PBXResourcesBuildPhase section */
		A391B8A32840B18F004A27E4 /* Resources */ = {
			isa = PBXResourcesBuildPhase;
			buildActionMask = 2147483647;
			files = (
				A391B8B02840B18F004A27E4 /* Preview Assets.xcassets in Resources */,
				A391B8AD2840B18F004A27E4 /* Assets.xcassets in Resources */,
			);
			runOnlyForDeploymentPostprocessing = 0;
		};
/* End PBXResourcesBuildPhase section */

/* Begin PBXSourcesBuildPhase section */
		A391B8A12840B18F004A27E4 /* Sources */ = {
			isa = PBXSourcesBuildPhase;
			buildActionMask = 2147483647;
			files = (
				A3EFA2B028435CA4004E8830 /* CustomButton.swift in Sources */,
				A31D3F68284468C900FCFEC6 /* CalculatorData.swift in Sources */,
				A3EFA2AE28435BFE004E8830 /* CalculatorView.swift in Sources */,
				A39BF2FA284242180025D469 /* CalculatorButton.swift in Sources */,
				A391B8AB2840B18F004A27E4 /* MainView.swift in Sources */,
				A391B8A92840B18F004A27E4 /* Calculator_CloneApp.swift in Sources */,
			);
			runOnlyForDeploymentPostprocessing = 0;
		};
/* End PBXSourcesBuildPhase section */

/* Begin XCBuildConfiguration section */
		A391B8B12840B18F004A27E4 /* Debug */ = {
			isa = XCBuildConfiguration;
			buildSettings = {
				ALWAYS_SEARCH_USER_PATHS = NO;
				CLANG_ANALYZER_NONNULL = YES;
				CLANG_ANALYZER_NUMBER_OBJECT_CONVERSION = YES_AGGRESSIVE;
				CLANG_CXX_LANGUAGE_STANDARD = "gnu++17";
				CLANG_ENABLE_MODULES = YES;
				CLANG_ENABLE_OBJC_ARC = YES;
				CLANG_ENABLE_OBJC_WEAK = YES;
				CLANG_WARN_BLOCK_CAPTURE_AUTORELEASING = YES;
				CLANG_WARN_BOOL_CONVERSION = YES;
				CLANG_WARN_COMMA = YES;
				CLANG_WARN_CONSTANT_CONVERSION = YES;
				CLANG_WARN_DEPRECATED_OBJC_IMPLEMENTATIONS = YES;
				CLANG_WARN_DIRECT_OBJC_ISA_USAGE = YES_ERROR;
				CLANG_WARN_DOCUMENTATION_COMMENTS = YES;
				CLANG_WARN_EMPTY_BODY = YES;
				CLANG_WARN_ENUM_CONVERSION = YES;
				CLANG_WARN_INFINITE_RECURSION = YES;
				CLANG_WARN_INT_CONVERSION = YES;
				CLANG_WARN_NON_LITERAL_NULL_CONVERSION = YES;
				CLANG_WARN_OBJC_IMPLICIT_RETAIN_SELF = YES;
				CLANG_WARN_OBJC_LITERAL_CONVERSION = YES;
				CLANG_WARN_OBJC_ROOT_CLASS = YES_ERROR;
				CLANG_WARN_QUOTED_INCLUDE_IN_FRAMEWORK_HEADER = YES;
				CLANG_WARN_RANGE_LOOP_ANALYSIS = YES;
				CLANG_WARN_STRICT_PROTOTYPES = YES;
				CLANG_WARN_SUSPICIOUS_MOVE = YES;
				CLANG_WARN_UNGUARDED_AVAILABILITY = YES_AGGRESSIVE;
				CLANG_WARN_UNREACHABLE_CODE = YES;
				CLANG_WARN__DUPLICATE_METHOD_MATCH = YES;
				COPY_PHASE_STRIP = NO;
				DEBUG_INFORMATION_FORMAT = dwarf;
				ENABLE_STRICT_OBJC_MSGSEND = YES;
				ENABLE_TESTABILITY = YES;
				GCC_C_LANGUAGE_STANDARD = gnu11;
				GCC_DYNAMIC_NO_PIC = NO;
				GCC_NO_COMMON_BLOCKS = YES;
				GCC_OPTIMIZATION_LEVEL = 0;
				GCC_PREPROCESSOR_DEFINITIONS = (
					"DEBUG=1",
					"$(inherited)",
				);
				GCC_WARN_64_TO_32_BIT_CONVERSION = YES;
				GCC_WARN_ABOUT_RETURN_TYPE = YES_ERROR;
				GCC_WARN_UNDECLARED_SELECTOR = YES;
				GCC_WARN_UNINITIALIZED_AUTOS = YES_AGGRESSIVE;
				GCC_WARN_UNUSED_FUNCTION = YES;
				GCC_WARN_UNUSED_VARIABLE = YES;
				IPHONEOS_DEPLOYMENT_TARGET = 15.5;
				MTL_ENABLE_DEBUG_INFO = INCLUDE_SOURCE;
				MTL_FAST_MATH = YES;
				ONLY_ACTIVE_ARCH = YES;
				SDKROOT = iphoneos;
				SWIFT_ACTIVE_COMPILATION_CONDITIONS = DEBUG;
				SWIFT_OPTIMIZATION_LEVEL = "-Onone";
			};
			name = Debug;
		};
		A391B8B22840B18F004A27E4 /* Release */ = {
			isa = XCBuildConfiguration;
			buildSettings = {
				ALWAYS_SEARCH_USER_PATHS = NO;
				CLANG_ANALYZER_NONNULL = YES;
				CLANG_ANALYZER_NUMBER_OBJECT_CONVERSION = YES_AGGRESSIVE;
				CLANG_CXX_LANGUAGE_STANDARD = "gnu++17";
				CLANG_ENABLE_MODULES = YES;
				CLANG_ENABLE_OBJC_ARC = YES;
				CLANG_ENABLE_OBJC_WEAK = YES;
				CLANG_WARN_BLOCK_CAPTURE_AUTORELEASING = YES;
				CLANG_WARN_BOOL_CONVERSION = YES;
				CLANG_WARN_COMMA = YES;
				CLANG_WARN_CONSTANT_CONVERSION = YES;
				CLANG_WARN_DEPRECATED_OBJC_IMPLEMENTATIONS = YES;
				CLANG_WARN_DIRECT_OBJC_ISA_USAGE = YES_ERROR;
				CLANG_WARN_DOCUMENTATION_COMMENTS = YES;
				CLANG_WARN_EMPTY_BODY = YES;
				CLANG_WARN_ENUM_CONVERSION = YES;
				CLANG_WARN_INFINITE_RECURSION = YES;
				CLANG_WARN_INT_CONVERSION = YES;
				CLANG_WARN_NON_LITERAL_NULL_CONVERSION = YES;
				CLANG_WARN_OBJC_IMPLICIT_RETAIN_SELF = YES;
				CLANG_WARN_OBJC_LITERAL_CONVERSION = YES;
				CLANG_WARN_OBJC_ROOT_CLASS = YES_ERROR;
				CLANG_WARN_QUOTED_INCLUDE_IN_FRAMEWORK_HEADER = YES;
				CLANG_WARN_RANGE_LOOP_ANALYSIS = YES;
				CLANG_WARN_STRICT_PROTOTYPES = YES;
				CLANG_WARN_SUSPICIOUS_MOVE = YES;
				CLANG_WARN_UNGUARDED_AVAILABILITY = YES_AGGRESSIVE;
				CLANG_WARN_UNREACHABLE_CODE = YES;
				CLANG_WARN__DUPLICATE_METHOD_MATCH = YES;
				COPY_PHASE_STRIP = NO;
				DEBUG_INFORMATION_FORMAT = "dwarf-with-dsym";
				ENABLE_NS_ASSERTIONS = NO;
				ENABLE_STRICT_OBJC_MSGSEND = YES;
				GCC_C_LANGUAGE_STANDARD = gnu11;
				GCC_NO_COMMON_BLOCKS = YES;
				GCC_WARN_64_TO_32_BIT_CONVERSION = YES;
				GCC_WARN_ABOUT_RETURN_TYPE = YES_ERROR;
				GCC_WARN_UNDECLARED_SELECTOR = YES;
				GCC_WARN_UNINITIALIZED_AUTOS = YES_AGGRESSIVE;
				GCC_WARN_UNUSED_FUNCTION = YES;
				GCC_WARN_UNUSED_VARIABLE = YES;
				IPHONEOS_DEPLOYMENT_TARGET = 15.5;
				MTL_ENABLE_DEBUG_INFO = NO;
				MTL_FAST_MATH = YES;
				SDKROOT = iphoneos;
				SWIFT_COMPILATION_MODE = wholemodule;
				SWIFT_OPTIMIZATION_LEVEL = "-O";
				VALIDATE_PRODUCT = YES;
			};
			name = Release;
		};
		A391B8B42840B18F004A27E4 /* Debug */ = {
			isa = XCBuildConfiguration;
			buildSettings = {
				ASSETCATALOG_COMPILER_APPICON_NAME = AppIcon;
				ASSETCATALOG_COMPILER_GLOBAL_ACCENT_COLOR_NAME = AccentColor;
				CODE_SIGN_STYLE = Automatic;
				CURRENT_PROJECT_VERSION = 1;
				DEVELOPMENT_ASSET_PATHS = "\"Calculator_Clone/Preview Content\"";
				DEVELOPMENT_TEAM = UY9DAXUW36;
				ENABLE_PREVIEWS = YES;
				GENERATE_INFOPLIST_FILE = YES;
				INFOPLIST_KEY_UIApplicationSceneManifest_Generation = YES;
				INFOPLIST_KEY_UIApplicationSupportsIndirectInputEvents = YES;
				INFOPLIST_KEY_UILaunchScreen_Generation = YES;
				INFOPLIST_KEY_UISupportedInterfaceOrientations_iPad = "UIInterfaceOrientationPortrait UIInterfaceOrientationPortraitUpsideDown UIInterfaceOrientationLandscapeLeft UIInterfaceOrientationLandscapeRight";
				INFOPLIST_KEY_UISupportedInterfaceOrientations_iPhone = "UIInterfaceOrientationPortrait UIInterfaceOrientationLandscapeLeft UIInterfaceOrientationLandscapeRight";
				LD_RUNPATH_SEARCH_PATHS = (
					"$(inherited)",
					"@executable_path/Frameworks",
				);
				MARKETING_VERSION = 1.0;
				PRODUCT_BUNDLE_IDENTIFIER = "edu.chikong.Calculator-Clone";
				PRODUCT_NAME = "$(TARGET_NAME)";
				SWIFT_EMIT_LOC_STRINGS = YES;
				SWIFT_VERSION = 5.0;
				TARGETED_DEVICE_FAMILY = "1,2";
			};
			name = Debug;
		};
		A391B8B52840B18F004A27E4 /* Release */ = {
			isa = XCBuildConfiguration;
			buildSettings = {
				ASSETCATALOG_COMPILER_APPICON_NAME = AppIcon;
				ASSETCATALOG_COMPILER_GLOBAL_ACCENT_COLOR_NAME = AccentColor;
				CODE_SIGN_STYLE = Automatic;
				CURRENT_PROJECT_VERSION = 1;
				DEVELOPMENT_ASSET_PATHS = "\"Calculator_Clone/Preview Content\"";
				DEVELOPMENT_TEAM = UY9DAXUW36;
				ENABLE_PREVIEWS = YES;
				GENERATE_INFOPLIST_FILE = YES;
				INFOPLIST_KEY_UIApplicationSceneManifest_Generation = YES;
				INFOPLIST_KEY_UIApplicationSupportsIndirectInputEvents = YES;
				INFOPLIST_KEY_UILaunchScreen_Generation = YES;
				INFOPLIST_KEY_UISupportedInterfaceOrientations_iPad = "UIInterfaceOrientationPortrait UIInterfaceOrientationPortraitUpsideDown UIInterfaceOrientationLandscapeLeft UIInterfaceOrientationLandscapeRight";
				INFOPLIST_KEY_UISupportedInterfaceOrientations_iPhone = "UIInterfaceOrientationPortrait UIInterfaceOrientationLandscapeLeft UIInterfaceOrientationLandscapeRight";
				LD_RUNPATH_SEARCH_PATHS = (
					"$(inherited)",
					"@executable_path/Frameworks",
				);
				MARKETING_VERSION = 1.0;
				PRODUCT_BUNDLE_IDENTIFIER = "edu.chikong.Calculator-Clone";
				PRODUCT_NAME = "$(TARGET_NAME)";
				SWIFT_EMIT_LOC_STRINGS = YES;
				SWIFT_VERSION = 5.0;
				TARGETED_DEVICE_FAMILY = "1,2";
			};
			name = Release;
		};
/* End XCBuildConfiguration section */

/* Begin XCConfigurationList section */
		A391B8A02840B18F004A27E4 /* Build configuration list for PBXProject "Calculator_Clone" */ = {
			isa = XCConfigurationList;
			buildConfigurations = (
				A391B8B12840B18F004A27E4 /* Debug */,
				A391B8B22840B18F004A27E4 /* Release */,
			);
			defaultConfigurationIsVisible = 0;
			defaultConfigurationName = Release;
		};
		A391B8B32840B18F004A27E4 /* Build configuration list for PBXNativeTarget "Calculator_Clone" */ = {
			isa = XCConfigurationList;
			buildConfigurations = (
				A391B8B42840B18F004A27E4 /* Debug */,
				A391B8B52840B18F004A27E4 /* Release */,
			);
			defaultConfigurationIsVisible = 0;
			defaultConfigurationName = Release;
		};
/* End XCConfigurationList section */
	};
	rootObject = A391B89D2840B18F004A27E4 /* Project object */;
}
